
Microsoft Visual Studio Solution File, Format Version 12.00
# Visual Studio Version 17
VisualStudioVersion = 17.4.33110.190
MinimumVisualStudioVersion = 10.0.40219.1
Project("{FAE04EC0-301F-11D3-BF4B-00C04F79EFBC}") = "KlimaOppgave", "KlimaOppgave\KlimaOppgave.csproj", "{FA1C8249-D191-43B4-9E80-B76E19D37907}"
EndProject
Global
	GlobalSection(SolutionConfigurationPlatforms) = preSolution
		Debug|Any CPU = Debug|Any CPU
		Release|Any CPU = Release|Any CPU
	EndGlobalSection
	GlobalSection(ProjectConfigurationPlatforms) = postSolution
		{FA1C8249-D191-43B4-9E80-B76E19D37907}.Debug|Any CPU.ActiveCfg = Debug|Any CPU
		{FA1C8249-D191-43B4-9E80-B76E19D37907}.Debug|Any CPU.Build.0 = Debug|Any CPU
		{FA1C8249-D191-43B4-9E80-B76E19D37907}.Release|Any CPU.ActiveCfg = Release|Any CPU
		{FA1C8249-D191-43B4-9E80-B76E19D37907}.Release|Any CPU.Build.0 = Release|Any CPU
	EndGlobalSection
	GlobalSection(SolutionProperties) = preSolution
		HideSolutionNode = FALSE
	EndGlobalSection
	GlobalSection(ExtensibilityGlobals) = postSolution
		SolutionGuid = {0E812DE3-CC32-4723-9581-8AB28C08BFAB}
	EndGlobalSection
EndGlobal
